
Microsoft Visual Studio Solution File, Format Version 12.00
# Visual Studio Version 16
VisualStudioVersion = 16.0.30523.141
MinimumVisualStudioVersion = 10.0.40219.1
Project("{FAE04EC0-301F-11D3-BF4B-00C04F79EFBC}") = "agenda semanal", "agenda semanal\agenda semanal.csproj", "{9F38016A-A7EB-4F13-8A28-9D4032E42037}"
EndProject
Global
	GlobalSection(SolutionConfigurationPlatforms) = preSolution
		Debug|Any CPU = Debug|Any CPU
		Release|Any CPU = Release|Any CPU
	EndGlobalSection
	GlobalSection(ProjectConfigurationPlatforms) = postSolution
		{9F38016A-A7EB-4F13-8A28-9D4032E42037}.Debug|Any CPU.ActiveCfg = Debug|Any CPU
		{9F38016A-A7EB-4F13-8A28-9D4032E42037}.Debug|Any CPU.Build.0 = Debug|Any CPU
		{9F38016A-A7EB-4F13-8A28-9D4032E42037}.Release|Any CPU.ActiveCfg = Release|Any CPU
		{9F38016A-A7EB-4F13-8A28-9D4032E42037}.Release|Any CPU.Build.0 = Release|Any CPU
	EndGlobalSection
	GlobalSection(SolutionProperties) = preSolution
		HideSolutionNode = FALSE
	EndGlobalSection
	GlobalSection(ExtensibilityGlobals) = postSolution
		SolutionGuid = {ED510BAB-9284-4FF4-9AA4-6E504379B923}
	EndGlobalSection
EndGlobal
